
Microsoft Visual Studio Solution File, Format Version 12.00
# Visual Studio 15
VisualStudioVersion = 15.0.26730.16
MinimumVisualStudioVersion = 10.0.40219.1
Project("{FAE04EC0-301F-11D3-BF4B-00C04F79EFBC}") = "Main", "DoAnCuoiKy\Main.csproj", "{5E413C6E-862C-43B2-A52F-402C50B3B3D5}"
EndProject
Project("{FAE04EC0-301F-11D3-BF4B-00C04F79EFBC}") = "DAO", "DAO\DAO.csproj", "{0E76657B-DF9B-4FFF-A0F6-71FA1D474DA2}"
EndProject
Project("{FAE04EC0-301F-11D3-BF4B-00C04F79EFBC}") = "BUS", "BUS\BUS.csproj", "{FE3F0340-3DC5-40C2-8916-99A4D1E462B8}"
EndProject
Project("{FAE04EC0-301F-11D3-BF4B-00C04F79EFBC}") = "DTO", "DTO\DTO.csproj", "{78AD2424-D09E-4294-AF12-9D62D83B416D}"
EndProject
Project("{FAE04EC0-301F-11D3-BF4B-00C04F79EFBC}") = "GUI", "GUI\GUI.csproj", "{2EF6FBEA-B448-43AB-A727-E891083CFBF1}"
EndProject
Global
	GlobalSection(SolutionConfigurationPlatforms) = preSolution
		Debug|Any CPU = Debug|Any CPU
		Release|Any CPU = Release|Any CPU
	EndGlobalSection
	GlobalSection(ProjectConfigurationPlatforms) = postSolution
		{5E413C6E-862C-43B2-A52F-402C50B3B3D5}.Debug|Any CPU.ActiveCfg = Debug|Any CPU
		{5E413C6E-862C-43B2-A52F-402C50B3B3D5}.Debug|Any CPU.Build.0 = Debug|Any CPU
		{5E413C6E-862C-43B2-A52F-402C50B3B3D5}.Release|Any CPU.ActiveCfg = Release|Any CPU
		{5E413C6E-862C-43B2-A52F-402C50B3B3D5}.Release|Any CPU.Build.0 = Release|Any CPU
		{0E76657B-DF9B-4FFF-A0F6-71FA1D474DA2}.Debug|Any CPU.ActiveCfg = Debug|Any CPU
		{0E76657B-DF9B-4FFF-A0F6-71FA1D474DA2}.Debug|Any CPU.Build.0 = Debug|Any CPU
		{0E76657B-DF9B-4FFF-A0F6-71FA1D474DA2}.Release|Any CPU.ActiveCfg = Release|Any CPU
		{0E76657B-DF9B-4FFF-A0F6-71FA1D474DA2}.Release|Any CPU.Build.0 = Release|Any CPU
		{FE3F0340-3DC5-40C2-8916-99A4D1E462B8}.Debug|Any CPU.ActiveCfg = Debug|Any CPU
		{FE3F0340-3DC5-40C2-8916-99A4D1E462B8}.Debug|Any CPU.Build.0 = Debug|Any CPU
		{FE3F0340-3DC5-40C2-8916-99A4D1E462B8}.Release|Any CPU.ActiveCfg = Release|Any CPU
		{FE3F0340-3DC5-40C2-8916-99A4D1E462B8}.Release|Any CPU.Build.0 = Release|Any CPU
		{78AD2424-D09E-4294-AF12-9D62D83B416D}.Debug|Any CPU.ActiveCfg = Debug|Any CPU
		{78AD2424-D09E-4294-AF12-9D62D83B416D}.Debug|Any CPU.Build.0 = Debug|Any CPU
		{78AD2424-D09E-4294-AF12-9D62D83B416D}.Release|Any CPU.ActiveCfg = Release|Any CPU
		{78AD2424-D09E-4294-AF12-9D62D83B416D}.Release|Any CPU.Build.0 = Release|Any CPU
		{2EF6FBEA-B448-43AB-A727-E891083CFBF1}.Debug|Any CPU.ActiveCfg = Debug|Any CPU
		{2EF6FBEA-B448-43AB-A727-E891083CFBF1}.Debug|Any CPU.Build.0 = Debug|Any CPU
		{2EF6FBEA-B448-43AB-A727-E891083CFBF1}.Release|Any CPU.ActiveCfg = Release|Any CPU
		{2EF6FBEA-B448-43AB-A727-E891083CFBF1}.Release|Any CPU.Build.0 = Release|Any CPU
	EndGlobalSection
	GlobalSection(SolutionProperties) = preSolution
		HideSolutionNode = FALSE
	EndGlobalSection
	GlobalSection(ExtensibilityGlobals) = postSolution
		SolutionGuid = {84F28A0D-EC7F-4768-9DB6-653898A28621}
	EndGlobalSection
EndGlobal
